// !$*UTF8*$!
{
	archiveVersion = 1;
	classes = {
	};
	objectVersion = 48;
	objects = {

/* Begin PBXBuildFile section */
		AE6BF80E2047D88C00D1CD55 /* AppDelegate.swift in Sources */ = {isa = PBXBuildFile; fileRef = AE6BF80D2047D88C00D1CD55 /* AppDelegate.swift */; };
		AE6BF8102047D88C00D1CD55 /* ViewController.swift in Sources */ = {isa = PBXBuildFile; fileRef = AE6BF80F2047D88C00D1CD55 /* ViewController.swift */; };
		AE6BF8132047D88C00D1CD55 /* Main.storyboard in Resources */ = {isa = PBXBuildFile; fileRef = AE6BF8112047D88C00D1CD55 /* Main.storyboard */; };
		AE6BF8152047D88C00D1CD55 /* Assets.xcassets in Resources */ = {isa = PBXBuildFile; fileRef = AE6BF8142047D88C00D1CD55 /* Assets.xcassets */; };
		AE6BF8182047D88C00D1CD55 /* LaunchScreen.storyboard in Resources */ = {isa = PBXBuildFile; fileRef = AE6BF8162047D88C00D1CD55 /* LaunchScreen.storyboard */; };
		AE6BF8232047D88C00D1CD55 /* UISwipeableCardUITests.swift in Sources */ = {isa = PBXBuildFile; fileRef = AE6BF8222047D88C00D1CD55 /* UISwipeableCardUITests.swift */; };
		AE6BF82F2047D8C200D1CD55 /* UISwipeableView.swift in Sources */ = {isa = PBXBuildFile; fileRef = AE6BF82E2047D8C200D1CD55 /* UISwipeableView.swift */; };
		AE6BF8402047D9E700D1CD55 /* Card.swift in Sources */ = {isa = PBXBuildFile; fileRef = AE6BF83F2047D9E700D1CD55 /* Card.swift */; };
		AE6BF8422047DBEB00D1CD55 /* CardNumber.xib in Resources */ = {isa = PBXBuildFile; fileRef = AE6BF8412047DBEB00D1CD55 /* CardNumber.xib */; };
		AE6BF8442047DC7100D1CD55 /* CardNumber.swift in Sources */ = {isa = PBXBuildFile; fileRef = AE6BF8432047DC7100D1CD55 /* CardNumber.swift */; };
/* End PBXBuildFile section */

/* Begin PBXContainerItemProxy section */
		AE6BF81F2047D88C00D1CD55 /* PBXContainerItemProxy */ = {
			isa = PBXContainerItemProxy;
			containerPortal = AE6BF8022047D88C00D1CD55 /* Project object */;
			proxyType = 1;
			remoteGlobalIDString = AE6BF8092047D88C00D1CD55;
			remoteInfo = UISwipeableCard;
		};
/* End PBXContainerItemProxy section */

/* Begin PBXFileReference section */
		AE6BF80A2047D88C00D1CD55 /* UISwipeableCard.app */ = {isa = PBXFileReference; explicitFileType = wrapper.application; includeInIndex = 0; path = UISwipeableCard.app; sourceTree = BUILT_PRODUCTS_DIR; };
		AE6BF80D2047D88C00D1CD55 /* AppDelegate.swift */ = {isa = PBXFileReference; lastKnownFileType = sourcecode.swift; path = AppDelegate.swift; sourceTree = "<group>"; };
		AE6BF80F2047D88C00D1CD55 /* ViewController.swift */ = {isa = PBXFileReference; lastKnownFileType = sourcecode.swift; path = ViewController.swift; sourceTree = "<group>"; };
		AE6BF8122047D88C00D1CD55 /* Base */ = {isa = PBXFileReference; lastKnownFileType = file.storyboard; name = Base; path = Base.lproj/Main.storyboard; sourceTree = "<group>"; };
		AE6BF8142047D88C00D1CD55 /* Assets.xcassets */ = {isa = PBXFileReference; lastKnownFileType = folder.assetcatalog; path = Assets.xcassets; sourceTree = "<group>"; };
		AE6BF8172047D88C00D1CD55 /* Base */ = {isa = PBXFileReference; lastKnownFileType = file.storyboard; name = Base; path = Base.lproj/LaunchScreen.storyboard; sourceTree = "<group>"; };
		AE6BF8192047D88C00D1CD55 /* Info.plist */ = {isa = PBXFileReference; lastKnownFileType = text.plist.xml; path = Info.plist; sourceTree = "<group>"; };
		AE6BF81E2047D88C00D1CD55 /* UISwipeableCardUITests.xctest */ = {isa = PBXFileReference; explicitFileType = wrapper.cfbundle; includeInIndex = 0; path = UISwipeableCardUITests.xctest; sourceTree = BUILT_PRODUCTS_DIR; };
		AE6BF8222047D88C00D1CD55 /* UISwipeableCardUITests.swift */ = {isa = PBXFileReference; lastKnownFileType = sourcecode.swift; path = UISwipeableCardUITests.swift; sourceTree = "<group>"; };
		AE6BF8242047D88C00D1CD55 /* Info.plist */ = {isa = PBXFileReference; lastKnownFileType = text.plist.xml; path = Info.plist; sourceTree = "<group>"; };
		AE6BF82E2047D8C200D1CD55 /* UISwipeableView.swift */ = {isa = PBXFileReference; lastKnownFileType = sourcecode.swift; path = UISwipeableView.swift; sourceTree = "<group>"; };
		AE6BF83F2047D9E700D1CD55 /* Card.swift */ = {isa = PBXFileReference; lastKnownFileType = sourcecode.swift; path = Card.swift; sourceTree = "<group>"; };
		AE6BF8412047DBEB00D1CD55 /* CardNumber.xib */ = {isa = PBXFileReference; lastKnownFileType = file.xib; path = CardNumber.xib; sourceTree = "<group>"; };
		AE6BF8432047DC7100D1CD55 /* CardNumber.swift */ = {isa = PBXFileReference; lastKnownFileType = sourcecode.swift; path = CardNumber.swift; sourceTree = "<group>"; };
/* End PBXFileReference section */

/* Begin PBXFrameworksBuildPhase section */
		AE6BF8072047D88C00D1CD55 /* Frameworks */ = {
			isa = PBXFrameworksBuildPhase;
			buildActionMask = 2147483647;
			files = (
			);
			runOnlyForDeploymentPostprocessing = 0;
		};
		AE6BF81B2047D88C00D1CD55 /* Frameworks */ = {
			isa = PBXFrameworksBuildPhase;
			buildActionMask = 2147483647;
			files = (
			);
			runOnlyForDeploymentPostprocessing = 0;
		};
/* End PBXFrameworksBuildPhase section */

/* Begin PBXGroup section */
		AE6BF8012047D88C00D1CD55 = {
			isa = PBXGroup;
			children = (
				AE6BF80C2047D88C00D1CD55 /* UISwipeableCard */,
				AE6BF8212047D88C00D1CD55 /* UISwipeableCardUITests */,
				AE6BF80B2047D88C00D1CD55 /* Products */,
			);
			sourceTree = "<group>";
		};
		AE6BF80B2047D88C00D1CD55 /* Products */ = {
			isa = PBXGroup;
			children = (
				AE6BF80A2047D88C00D1CD55 /* UISwipeableCard.app */,
				AE6BF81E2047D88C00D1CD55 /* UISwipeableCardUITests.xctest */,
			);
			name = Products;
			sourceTree = "<group>";
		};
		AE6BF80C2047D88C00D1CD55 /* UISwipeableCard */ = {
			isa = PBXGroup;
			children = (
				AE6BF83E2047D9D200D1CD55 /* Swipeable View */,
				AE6BF82D2047D89300D1CD55 /* Support */,
				AE6BF80F2047D88C00D1CD55 /* ViewController.swift */,
				AE6BF8432047DC7100D1CD55 /* CardNumber.swift */,
				AE6BF8412047DBEB00D1CD55 /* CardNumber.xib */,
				AE6BF8112047D88C00D1CD55 /* Main.storyboard */,
			);
			path = UISwipeableCard;
			sourceTree = "<group>";
		};
		AE6BF8212047D88C00D1CD55 /* UISwipeableCardUITests */ = {
			isa = PBXGroup;
			children = (
				AE6BF8222047D88C00D1CD55 /* UISwipeableCardUITests.swift */,
				AE6BF8242047D88C00D1CD55 /* Info.plist */,
			);
			path = UISwipeableCardUITests;
			sourceTree = "<group>";
		};
		AE6BF82D2047D89300D1CD55 /* Support */ = {
			isa = PBXGroup;
			children = (
				AE6BF80D2047D88C00D1CD55 /* AppDelegate.swift */,
				AE6BF8162047D88C00D1CD55 /* LaunchScreen.storyboard */,
				AE6BF8192047D88C00D1CD55 /* Info.plist */,
				AE6BF8142047D88C00D1CD55 /* Assets.xcassets */,
			);
			path = Support;
			sourceTree = "<group>";
		};
		AE6BF83E2047D9D200D1CD55 /* Swipeable View */ = {
			isa = PBXGroup;
			children = (
				AE6BF82E2047D8C200D1CD55 /* UISwipeableView.swift */,
				AE6BF83F2047D9E700D1CD55 /* Card.swift */,
			);
			path = "Swipeable View";
			sourceTree = "<group>";
		};
/* End PBXGroup section */

/* Begin PBXNativeTarget section */
		AE6BF8092047D88C00D1CD55 /* UISwipeableCard */ = {
			isa = PBXNativeTarget;
			buildConfigurationList = AE6BF8272047D88C00D1CD55 /* Build configuration list for PBXNativeTarget "UISwipeableCard" */;
			buildPhases = (
				AE6BF8062047D88C00D1CD55 /* Sources */,
				AE6BF8072047D88C00D1CD55 /* Frameworks */,
				AE6BF8082047D88C00D1CD55 /* Resources */,
			);
			buildRules = (
			);
			dependencies = (
			);
			name = UISwipeableCard;
			productName = UISwipeableCard;
			productReference = AE6BF80A2047D88C00D1CD55 /* UISwipeableCard.app */;
			productType = "com.apple.product-type.application";
		};
		AE6BF81D2047D88C00D1CD55 /* UISwipeableCardUITests */ = {
			isa = PBXNativeTarget;
			buildConfigurationList = AE6BF82A2047D88C00D1CD55 /* Build configuration list for PBXNativeTarget "UISwipeableCardUITests" */;
			buildPhases = (
				AE6BF81A2047D88C00D1CD55 /* Sources */,
				AE6BF81B2047D88C00D1CD55 /* Frameworks */,
				AE6BF81C2047D88C00D1CD55 /* Resources */,
			);
			buildRules = (
			);
			dependencies = (
				AE6BF8202047D88C00D1CD55 /* PBXTargetDependency */,
			);
			name = UISwipeableCardUITests;
			productName = UISwipeableCardUITests;
			productReference = AE6BF81E2047D88C00D1CD55 /* UISwipeableCardUITests.xctest */;
			productType = "com.apple.product-type.bundle.ui-testing";
		};
/* End PBXNativeTarget section */

/* Begin PBXProject section */
		AE6BF8022047D88C00D1CD55 /* Project object */ = {
			isa = PBXProject;
			attributes = {
				LastSwiftUpdateCheck = 0920;
				LastUpgradeCheck = 0920;
				ORGANIZATIONNAME = "Balaji M";
				TargetAttributes = {
					AE6BF8092047D88C00D1CD55 = {
						CreatedOnToolsVersion = 9.2;
						ProvisioningStyle = Automatic;
					};
					AE6BF81D2047D88C00D1CD55 = {
						CreatedOnToolsVersion = 9.2;
						ProvisioningStyle = Automatic;
						TestTargetID = AE6BF8092047D88C00D1CD55;
					};
				};
			};
			buildConfigurationList = AE6BF8052047D88C00D1CD55 /* Build configuration list for PBXProject "UISwipeableCard" */;
			compatibilityVersion = "Xcode 8.0";
			developmentRegion = en;
			hasScannedForEncodings = 0;
			knownRegions = (
				en,
				Base,
			);
			mainGroup = AE6BF8012047D88C00D1CD55;
			productRefGroup = AE6BF80B2047D88C00D1CD55 /* Products */;
			projectDirPath = "";
			projectRoot = "";
			targets = (
				AE6BF8092047D88C00D1CD55 /* UISwipeableCard */,
				AE6BF81D2047D88C00D1CD55 /* UISwipeableCardUITests */,
			);
		};
/* End PBXProject section */

/* Begin PBXResourcesBuildPhase section */
		AE6BF8082047D88C00D1CD55 /* Resources */ = {
			isa = PBXResourcesBuildPhase;
			buildActionMask = 2147483647;
			files = (
				AE6BF8182047D88C00D1CD55 /* LaunchScreen.storyboard in Resources */,
				AE6BF8422047DBEB00D1CD55 /* CardNumber.xib in Resources */,
				AE6BF8152047D88C00D1CD55 /* Assets.xcassets in Resources */,
				AE6BF8132047D88C00D1CD55 /* Main.storyboard in Resources */,
			);
			runOnlyForDeploymentPostprocessing = 0;
		};
		AE6BF81C2047D88C00D1CD55 /* Resources */ = {
			isa = PBXResourcesBuildPhase;
			buildActionMask = 2147483647;
			files = (
			);
			runOnlyForDeploymentPostprocessing = 0;
		};
/* End PBXResourcesBuildPhase section */

/* Begin PBXSourcesBuildPhase section */
		AE6BF8062047D88C00D1CD55 /* Sources */ = {
			isa = PBXSourcesBuildPhase;
			buildActionMask = 2147483647;
			files = (
				AE6BF8442047DC7100D1CD55 /* CardNumber.swift in Sources */,
				AE6BF8102047D88C00D1CD55 /* ViewController.swift in Sources */,
				AE6BF82F2047D8C200D1CD55 /* UISwipeableView.swift in Sources */,
				AE6BF80E2047D88C00D1CD55 /* AppDelegate.swift in Sources */,
				AE6BF8402047D9E700D1CD55 /* Card.swift in Sources */,
			);
			runOnlyForDeploymentPostprocessing = 0;
		};
		AE6BF81A2047D88C00D1CD55 /* Sources */ = {
			isa = PBXSourcesBuildPhase;
			buildActionMask = 2147483647;
			files = (
				AE6BF8232047D88C00D1CD55 /* UISwipeableCardUITests.swift in Sources */,
			);
			runOnlyForDeploymentPostprocessing = 0;
		};
/* End PBXSourcesBuildPhase section */

/* Begin PBXTargetDependency section */
		AE6BF8202047D88C00D1CD55 /* PBXTargetDependency */ = {
			isa = PBXTargetDependency;
			target = AE6BF8092047D88C00D1CD55 /* UISwipeableCard */;
			targetProxy = AE6BF81F2047D88C00D1CD55 /* PBXContainerItemProxy */;
		};
/* End PBXTargetDependency section */

/* Begin PBXVariantGroup section */
		AE6BF8112047D88C00D1CD55 /* Main.storyboard */ = {
			isa = PBXVariantGroup;
			children = (
				AE6BF8122047D88C00D1CD55 /* Base */,
			);
			name = Main.storyboard;
			sourceTree = "<group>";
		};
		AE6BF8162047D88C00D1CD55 /* LaunchScreen.storyboard */ = {
			isa = PBXVariantGroup;
			children = (
				AE6BF8172047D88C00D1CD55 /* Base */,
			);
			name = LaunchScreen.storyboard;
			sourceTree = "<group>";
		};
/* End PBXVariantGroup section */

/* Begin XCBuildConfiguration section */
		AE6BF8252047D88C00D1CD55 /* Debug */ = {
			isa = XCBuildConfiguration;
			buildSettings = {
				ALWAYS_SEARCH_USER_PATHS = NO;
				CLANG_ANALYZER_NONNULL = YES;
				CLANG_ANALYZER_NUMBER_OBJECT_CONVERSION = YES_AGGRESSIVE;
				CLANG_CXX_LANGUAGE_STANDARD = "gnu++14";
				CLANG_CXX_LIBRARY = "libc++";
				CLANG_ENABLE_MODULES = YES;
				CLANG_ENABLE_OBJC_ARC = YES;
				CLANG_WARN_BLOCK_CAPTURE_AUTORELEASING = YES;
				CLANG_WARN_BOOL_CONVERSION = YES;
				CLANG_WARN_COMMA = YES;
				CLANG_WARN_CONSTANT_CONVERSION = YES;
				CLANG_WARN_DIRECT_OBJC_ISA_USAGE = YES_ERROR;
				CLANG_WARN_DOCUMENTATION_COMMENTS = YES;
				CLANG_WARN_EMPTY_BODY = YES;
				CLANG_WARN_ENUM_CONVERSION = YES;
				CLANG_WARN_INFINITE_RECURSION = YES;
				CLANG_WARN_INT_CONVERSION = YES;
				CLANG_WARN_NON_LITERAL_NULL_CONVERSION = YES;
				CLANG_WARN_OBJC_LITERAL_CONVERSION = YES;
				CLANG_WARN_OBJC_ROOT_CLASS = YES_ERROR;
				CLANG_WARN_RANGE_LOOP_ANALYSIS = YES;
				CLANG_WARN_STRICT_PROTOTYPES = YES;
				CLANG_WARN_SUSPICIOUS_MOVE = YES;
				CLANG_WARN_UNGUARDED_AVAILABILITY = YES_AGGRESSIVE;
				CLANG_WARN_UNREACHABLE_CODE = YES;
				CLANG_WARN__DUPLICATE_METHOD_MATCH = YES;
				CODE_SIGN_IDENTITY = "iPhone Developer";
				COPY_PHASE_STRIP = NO;
				DEBUG_INFORMATION_FORMAT = dwarf;
				ENABLE_STRICT_OBJC_MSGSEND = YES;
				ENABLE_TESTABILITY = YES;
				GCC_C_LANGUAGE_STANDARD = gnu11;
				GCC_DYNAMIC_NO_PIC = NO;
				GCC_NO_COMMON_BLOCKS = YES;
				GCC_OPTIMIZATION_LEVEL = 0;
				GCC_PREPROCESSOR_DEFINITIONS = (
					"DEBUG=1",
					"$(inherited)",
				);
				GCC_WARN_64_TO_32_BIT_CONVERSION = YES;
				GCC_WARN_ABOUT_RETURN_TYPE = YES_ERROR;
				GCC_WARN_UNDECLARED_SELECTOR = YES;
				GCC_WARN_UNINITIALIZED_AUTOS = YES_AGGRESSIVE;
				GCC_WARN_UNUSED_FUNCTION = YES;
				GCC_WARN_UNUSED_VARIABLE = YES;
				IPHONEOS_DEPLOYMENT_TARGET = 11.2;
				MTL_ENABLE_DEBUG_INFO = YES;
				ONLY_ACTIVE_ARCH = YES;
				SDKROOT = iphoneos;
				SWIFT_ACTIVE_COMPILATION_CONDITIONS = DEBUG;
				SWIFT_OPTIMIZATION_LEVEL = "-Onone";
			};
			name = Debug;
		};
		AE6BF8262047D88C00D1CD55 /* Release */ = {
			isa = XCBuildConfiguration;
			buildSettings = {
				ALWAYS_SEARCH_USER_PATHS = NO;
				CLANG_ANALYZER_NONNULL = YES;
				CLANG_ANALYZER_NUMBER_OBJECT_CONVERSION = YES_AGGRESSIVE;
				CLANG_CXX_LANGUAGE_STANDARD = "gnu++14";
				CLANG_CXX_LIBRARY = "libc++";
				CLANG_ENABLE_MODULES = YES;
				CLANG_ENABLE_OBJC_ARC = YES;
				CLANG_WARN_BLOCK_CAPTURE_AUTORELEASING = YES;
				CLANG_WARN_BOOL_CONVERSION = YES;
				CLANG_WARN_COMMA = YES;
				CLANG_WARN_CONSTANT_CONVERSION = YES;
				CLANG_WARN_DIRECT_OBJC_ISA_USAGE = YES_ERROR;
				CLANG_WARN_DOCUMENTATION_COMMENTS = YES;
				CLANG_WARN_EMPTY_BODY = YES;
				CLANG_WARN_ENUM_CONVERSION = YES;
				CLANG_WARN_INFINITE_RECURSION = YES;
				CLANG_WARN_INT_CONVERSION = YES;
				CLANG_WARN_NON_LITERAL_NULL_CONVERSION = YES;
				CLANG_WARN_OBJC_LITERAL_CONVERSION = YES;
				CLANG_WARN_OBJC_ROOT_CLASS = YES_ERROR;
				CLANG_WARN_RANGE_LOOP_ANALYSIS = YES;
				CLANG_WARN_STRICT_PROTOTYPES = YES;
				CLANG_WARN_SUSPICIOUS_MOVE = YES;
				CLANG_WARN_UNGUARDED_AVAILABILITY = YES_AGGRESSIVE;
				CLANG_WARN_UNREACHABLE_CODE = YES;
				CLANG_WARN__DUPLICATE_METHOD_MATCH = YES;
				CODE_SIGN_IDENTITY = "iPhone Developer";
				COPY_PHASE_STRIP = NO;
				DEBUG_INFORMATION_FORMAT = "dwarf-with-dsym";
				ENABLE_NS_ASSERTIONS = NO;
				ENABLE_STRICT_OBJC_MSGSEND = YES;
				GCC_C_LANGUAGE_STANDARD = gnu11;
				GCC_NO_COMMON_BLOCKS = YES;
				GCC_WARN_64_TO_32_BIT_CONVERSION = YES;
				GCC_WARN_ABOUT_RETURN_TYPE = YES_ERROR;
				GCC_WARN_UNDECLARED_SELECTOR = YES;
				GCC_WARN_UNINITIALIZED_AUTOS = YES_AGGRESSIVE;
				GCC_WARN_UNUSED_FUNCTION = YES;
				GCC_WARN_UNUSED_VARIABLE = YES;
				IPHONEOS_DEPLOYMENT_TARGET = 11.2;
				MTL_ENABLE_DEBUG_INFO = NO;
				SDKROOT = iphoneos;
				SWIFT_OPTIMIZATION_LEVEL = "-Owholemodule";
				VALIDATE_PRODUCT = YES;
			};
			name = Release;
		};
		AE6BF8282047D88C00D1CD55 /* Debug */ = {
			isa = XCBuildConfiguration;
			buildSettings = {
				ASSETCATALOG_COMPILER_APPICON_NAME = AppIcon;
				CODE_SIGN_STYLE = Automatic;
				DEVELOPMENT_TEAM = 75936TN654;
				INFOPLIST_FILE = "$(SRCROOT)/UISwipeableCard/Support/Info.plist";
				LD_RUNPATH_SEARCH_PATHS = "$(inherited) @executable_path/Frameworks";
				PRODUCT_BUNDLE_IDENTIFIER = learn.UISwipeableCard;
				PRODUCT_NAME = "$(TARGET_NAME)";
				SWIFT_VERSION = 4.0;
				TARGETED_DEVICE_FAMILY = "1,2";
			};
			name = Debug;
		};
		AE6BF8292047D88C00D1CD55 /* Release */ = {
			isa = XCBuildConfiguration;
			buildSettings = {
				ASSETCATALOG_COMPILER_APPICON_NAME = AppIcon;
				CODE_SIGN_STYLE = Automatic;
				DEVELOPMENT_TEAM = 75936TN654;
				INFOPLIST_FILE = "$(SRCROOT)/UISwipeableCard/Support/Info.plist";
				LD_RUNPATH_SEARCH_PATHS = "$(inherited) @executable_path/Frameworks";
				PRODUCT_BUNDLE_IDENTIFIER = learn.UISwipeableCard;
				PRODUCT_NAME = "$(TARGET_NAME)";
				SWIFT_VERSION = 4.0;
				TARGETED_DEVICE_FAMILY = "1,2";
			};
			name = Release;
		};
		AE6BF82B2047D88C00D1CD55 /* Debug */ = {
			isa = XCBuildConfiguration;
			buildSettings = {
				ALWAYS_EMBED_SWIFT_STANDARD_LIBRARIES = YES;
				CODE_SIGN_STYLE = Automatic;
				DEVELOPMENT_TEAM = 75936TN654;
				INFOPLIST_FILE = UISwipeableCardUITests/Info.plist;
				LD_RUNPATH_SEARCH_PATHS = "$(inherited) @executable_path/Frameworks @loader_path/Frameworks";
				PRODUCT_BUNDLE_IDENTIFIER = learn.UISwipeableCardUITests;
				PRODUCT_NAME = "$(TARGET_NAME)";
				SWIFT_VERSION = 4.0;
				TARGETED_DEVICE_FAMILY = "1,2";
				TEST_TARGET_NAME = UISwipeableCard;
			};
			name = Debug;
		};
		AE6BF82C2047D88C00D1CD55 /* Release */ = {
			isa = XCBuildConfiguration;
			buildSettings = {
				ALWAYS_EMBED_SWIFT_STANDARD_LIBRARIES = YES;
				CODE_SIGN_STYLE = Automatic;
				DEVELOPMENT_TEAM = 75936TN654;
				INFOPLIST_FILE = UISwipeableCardUITests/Info.plist;
				LD_RUNPATH_SEARCH_PATHS = "$(inherited) @executable_path/Frameworks @loader_path/Frameworks";
				PRODUCT_BUNDLE_IDENTIFIER = learn.UISwipeableCardUITests;
				PRODUCT_NAME = "$(TARGET_NAME)";
				SWIFT_VERSION = 4.0;
				TARGETED_DEVICE_FAMILY = "1,2";
				TEST_TARGET_NAME = UISwipeableCard;
			};
			name = Release;
		};
/* End XCBuildConfiguration section */

/* Begin XCConfigurationList section */
		AE6BF8052047D88C00D1CD55 /* Build configuration list for PBXProject "UISwipeableCard" */ = {
			isa = XCConfigurationList;
			buildConfigurations = (
				AE6BF8252047D88C00D1CD55 /* Debug */,
				AE6BF8262047D88C00D1CD55 /* Release */,
			);
			defaultConfigurationIsVisible = 0;
			defaultConfigurationName = Release;
		};
		AE6BF8272047D88C00D1CD55 /* Build configuration list for PBXNativeTarget "UISwipeableCard" */ = {
			isa = XCConfigurationList;
			buildConfigurations = (
				AE6BF8282047D88C00D1CD55 /* Debug */,
				AE6BF8292047D88C00D1CD55 /* Release */,
			);
			defaultConfigurationIsVisible = 0;
			defaultConfigurationName = Release;
		};
		AE6BF82A2047D88C00D1CD55 /* Build configuration list for PBXNativeTarget "UISwipeableCardUITests" */ = {
			isa = XCConfigurationList;
			buildConfigurations = (
				AE6BF82B2047D88C00D1CD55 /* Debug */,
				AE6BF82C2047D88C00D1CD55 /* Release */,
			);
			defaultConfigurationIsVisible = 0;
			defaultConfigurationName = Release;
		};
/* End XCConfigurationList section */
	};
	rootObject = AE6BF8022047D88C00D1CD55 /* Project object */;
}
